// !$*UTF8*$!
{
	archiveVersion = 1;
	classes = {
	};
	objectVersion = 50;
	objects = {

/* Begin PBXBuildFile section */
		1930F3A6230D1C9F00610DFB /* CrashFileManager.swift in Sources */ = {isa = PBXBuildFile; fileRef = 1930F3A5230D1C9F00610DFB /* CrashFileManager.swift */; };
		1930F3A8230D244F00610DFB /* CaptainFloatingWindow.swift in Sources */ = {isa = PBXBuildFile; fileRef = 1930F3A7230D244F00610DFB /* CaptainFloatingWindow.swift */; };
		1930F3AA230D25FE00610DFB /* CrashDashboardViewController.swift in Sources */ = {isa = PBXBuildFile; fileRef = 1930F3A9230D25FE00610DFB /* CrashDashboardViewController.swift */; };
		1930F3AC230D26FB00610DFB /* CrashListViewController.swift in Sources */ = {isa = PBXBuildFile; fileRef = 1930F3AB230D26FB00610DFB /* CrashListViewController.swift */; };
		1930F3AF230D2B9800610DFB /* SanboxModel.swift in Sources */ = {isa = PBXBuildFile; fileRef = 1930F3AE230D2B9800610DFB /* SanboxModel.swift */; };
		1930F3B1230D349100610DFB /* SoldierListViewController.swift in Sources */ = {isa = PBXBuildFile; fileRef = 1930F3B0230D349100610DFB /* SoldierListViewController.swift */; };
		1949BEF1230D39E800B43CDB /* Resource.bundle in Resources */ = {isa = PBXBuildFile; fileRef = 1949BEF0230D39E800B43CDB /* Resource.bundle */; };
		1949BEF6230D41AE00B43CDB /* CaptainFloatingViewController.swift in Sources */ = {isa = PBXBuildFile; fileRef = 1949BEF5230D41AE00B43CDB /* CaptainFloatingViewController.swift */; };
		1949BEF8230D4A5200B43CDB /* JXFileBrowserController.swift in Sources */ = {isa = PBXBuildFile; fileRef = 1949BEF7230D4A5200B43CDB /* JXFileBrowserController.swift */; };
		1949BEFB230D4C1200B43CDB /* SanboxBrowserSoldier.swift in Sources */ = {isa = PBXBuildFile; fileRef = 1949BEFA230D4C1200B43CDB /* SanboxBrowserSoldier.swift */; };
		1949BEFD230E349500B43CDB /* CrashSoldier.swift in Sources */ = {isa = PBXBuildFile; fileRef = 1949BEFC230E349500B43CDB /* CrashSoldier.swift */; };
		1954C672230E3EFC00360FC0 /* SoldierListSectionModel.swift in Sources */ = {isa = PBXBuildFile; fileRef = 1954C671230E3EFC00360FC0 /* SoldierListSectionModel.swift */; };
		1954C676230E45E300360FC0 /* ImageManager.swift in Sources */ = {isa = PBXBuildFile; fileRef = 1954C675230E45E300360FC0 /* ImageManager.swift */; };
		1954C679230E724A00360FC0 /* AppInfoSoldier.swift in Sources */ = {isa = PBXBuildFile; fileRef = 1954C678230E724A00360FC0 /* AppInfoSoldier.swift */; };
		1954C67E230E732800360FC0 /* AppInfoViewController.swift in Sources */ = {isa = PBXBuildFile; fileRef = 1954C67D230E732800360FC0 /* AppInfoViewController.swift */; };
		1954C680230E737600360FC0 /* AppInfoManager.swift in Sources */ = {isa = PBXBuildFile; fileRef = 1954C67F230E737600360FC0 /* AppInfoManager.swift */; };
		19ABA2A2230FABC100BF07A0 /* JXFilePreviewViewController.swift in Sources */ = {isa = PBXBuildFile; fileRef = 19ABA2A1230FABC100BF07A0 /* JXFilePreviewViewController.swift */; };
		19C1F4AE230BEC8C00189B88 /* JXCaptain.h in Headers */ = {isa = PBXBuildFile; fileRef = 19C1F4AC230BEC8C00189B88 /* JXCaptain.h */; settings = {ATTRIBUTES = (Public, ); }; };
		19C1F4DD230BEDBD00189B88 /* Captain.swift in Sources */ = {isa = PBXBuildFile; fileRef = 19C1F4DC230BEDBD00189B88 /* Captain.swift */; };
		19C1F4DF230BF34E00189B88 /* CrashUncaughtExceptionHandler.swift in Sources */ = {isa = PBXBuildFile; fileRef = 19C1F4DE230BF34E00189B88 /* CrashUncaughtExceptionHandler.swift */; };
		19C1F4E2230CDF5B00189B88 /* CrashSignalExceptionHandler.swift in Sources */ = {isa = PBXBuildFile; fileRef = 19C1F4E1230CDF5B00189B88 /* CrashSignalExceptionHandler.swift */; };
/* End PBXBuildFile section */

/* Begin PBXFileReference section */
		1930F3A5230D1C9F00610DFB /* CrashFileManager.swift */ = {isa = PBXFileReference; lastKnownFileType = sourcecode.swift; path = CrashFileManager.swift; sourceTree = "<group>"; };
		1930F3A7230D244F00610DFB /* CaptainFloatingWindow.swift */ = {isa = PBXFileReference; lastKnownFileType = sourcecode.swift; path = CaptainFloatingWindow.swift; sourceTree = "<group>"; };
		1930F3A9230D25FE00610DFB /* CrashDashboardViewController.swift */ = {isa = PBXFileReference; lastKnownFileType = sourcecode.swift; path = CrashDashboardViewController.swift; sourceTree = "<group>"; };
		1930F3AB230D26FB00610DFB /* CrashListViewController.swift */ = {isa = PBXFileReference; lastKnownFileType = sourcecode.swift; path = CrashListViewController.swift; sourceTree = "<group>"; };
		1930F3AE230D2B9800610DFB /* SanboxModel.swift */ = {isa = PBXFileReference; lastKnownFileType = sourcecode.swift; path = SanboxModel.swift; sourceTree = "<group>"; };
		1930F3B0230D349100610DFB /* SoldierListViewController.swift */ = {isa = PBXFileReference; lastKnownFileType = sourcecode.swift; path = SoldierListViewController.swift; sourceTree = "<group>"; };
		1930F3BD230D385F00610DFB /* Info.plist */ = {isa = PBXFileReference; lastKnownFileType = text.plist.xml; path = Info.plist; sourceTree = "<group>"; };
		1949BEF0230D39E800B43CDB /* Resource.bundle */ = {isa = PBXFileReference; lastKnownFileType = "wrapper.plug-in"; path = Resource.bundle; sourceTree = "<group>"; };
		1949BEF5230D41AE00B43CDB /* CaptainFloatingViewController.swift */ = {isa = PBXFileReference; lastKnownFileType = sourcecode.swift; path = CaptainFloatingViewController.swift; sourceTree = "<group>"; };
		1949BEF7230D4A5200B43CDB /* JXFileBrowserController.swift */ = {isa = PBXFileReference; fileEncoding = 4; lastKnownFileType = sourcecode.swift; path = JXFileBrowserController.swift; sourceTree = "<group>"; };
		1949BEFA230D4C1200B43CDB /* SanboxBrowserSoldier.swift */ = {isa = PBXFileReference; lastKnownFileType = sourcecode.swift; path = SanboxBrowserSoldier.swift; sourceTree = "<group>"; };
		1949BEFC230E349500B43CDB /* CrashSoldier.swift */ = {isa = PBXFileReference; lastKnownFileType = sourcecode.swift; path = CrashSoldier.swift; sourceTree = "<group>"; };
		1954C671230E3EFC00360FC0 /* SoldierListSectionModel.swift */ = {isa = PBXFileReference; lastKnownFileType = sourcecode.swift; path = SoldierListSectionModel.swift; sourceTree = "<group>"; };
		1954C675230E45E300360FC0 /* ImageManager.swift */ = {isa = PBXFileReference; lastKnownFileType = sourcecode.swift; path = ImageManager.swift; sourceTree = "<group>"; };
		1954C678230E724A00360FC0 /* AppInfoSoldier.swift */ = {isa = PBXFileReference; lastKnownFileType = sourcecode.swift; path = AppInfoSoldier.swift; sourceTree = "<group>"; };
		1954C67D230E732800360FC0 /* AppInfoViewController.swift */ = {isa = PBXFileReference; lastKnownFileType = sourcecode.swift; path = AppInfoViewController.swift; sourceTree = "<group>"; };
		1954C67F230E737600360FC0 /* AppInfoManager.swift */ = {isa = PBXFileReference; lastKnownFileType = sourcecode.swift; path = AppInfoManager.swift; sourceTree = "<group>"; };
		19ABA2A1230FABC100BF07A0 /* JXFilePreviewViewController.swift */ = {isa = PBXFileReference; lastKnownFileType = sourcecode.swift; path = JXFilePreviewViewController.swift; sourceTree = "<group>"; };
		19C1F4A9230BEC8C00189B88 /* JXCaptain.framework */ = {isa = PBXFileReference; explicitFileType = wrapper.framework; includeInIndex = 0; path = JXCaptain.framework; sourceTree = BUILT_PRODUCTS_DIR; };
		19C1F4AC230BEC8C00189B88 /* JXCaptain.h */ = {isa = PBXFileReference; lastKnownFileType = sourcecode.c.h; path = JXCaptain.h; sourceTree = "<group>"; };
		19C1F4AD230BEC8C00189B88 /* Info.plist */ = {isa = PBXFileReference; lastKnownFileType = text.plist.xml; path = Info.plist; sourceTree = "<group>"; };
		19C1F4DC230BEDBD00189B88 /* Captain.swift */ = {isa = PBXFileReference; lastKnownFileType = sourcecode.swift; path = Captain.swift; sourceTree = "<group>"; };
		19C1F4DE230BF34E00189B88 /* CrashUncaughtExceptionHandler.swift */ = {isa = PBXFileReference; lastKnownFileType = sourcecode.swift; path = CrashUncaughtExceptionHandler.swift; sourceTree = "<group>"; };
		19C1F4E1230CDF5B00189B88 /* CrashSignalExceptionHandler.swift */ = {isa = PBXFileReference; lastKnownFileType = sourcecode.swift; path = CrashSignalExceptionHandler.swift; sourceTree = "<group>"; };
/* End PBXFileReference section */

/* Begin PBXFrameworksBuildPhase section */
		19C1F4A6230BEC8C00189B88 /* Frameworks */ = {
			isa = PBXFrameworksBuildPhase;
			buildActionMask = 2147483647;
			files = (
			);
			runOnlyForDeploymentPostprocessing = 0;
		};
/* End PBXFrameworksBuildPhase section */

/* Begin PBXGroup section */
		1930F3AD230D2B8100610DFB /* Model */ = {
			isa = PBXGroup;
			children = (
				1930F3AE230D2B9800610DFB /* SanboxModel.swift */,
				1954C671230E3EFC00360FC0 /* SoldierListSectionModel.swift */,
			);
			path = Model;
			sourceTree = "<group>";
		};
		1930F3BC230D385F00610DFB /* ResourceBundle */ = {
			isa = PBXGroup;
			children = (
				1930F3BD230D385F00610DFB /* Info.plist */,
			);
			path = ResourceBundle;
			sourceTree = "<group>";
		};
		1949BEF2230D3F9600B43CDB /* Soldiers */ = {
			isa = PBXGroup;
			children = (
				1954C677230E723900360FC0 /* AppInfo */,
				1949BEF9230D4BDD00B43CDB /* SanboxBrowser */,
				19C1F4E0230CDE0500189B88 /* Crash */,
			);
			path = Soldiers;
			sourceTree = "<group>";
		};
		1949BEF3230D3FA700B43CDB /* UI */ = {
			isa = PBXGroup;
			children = (
				1954C67B230E730200360FC0 /* Main */,
				1954C67C230E730C00360FC0 /* AppInfo */,
				1954C67A230E72D300360FC0 /* SanboxBrowser */,
				1949BEF4230D3FDE00B43CDB /* Crash */,
				1930F3AD230D2B8100610DFB /* Model */,
			);
			path = UI;
			sourceTree = "<group>";
		};
		1949BEF4230D3FDE00B43CDB /* Crash */ = {
			isa = PBXGroup;
			children = (
				1930F3A9230D25FE00610DFB /* CrashDashboardViewController.swift */,
				1930F3AB230D26FB00610DFB /* CrashListViewController.swift */,
			);
			path = Crash;
			sourceTree = "<group>";
		};
		1949BEF9230D4BDD00B43CDB /* SanboxBrowser */ = {
			isa = PBXGroup;
			children = (
				1949BEFA230D4C1200B43CDB /* SanboxBrowserSoldier.swift */,
			);
			path = SanboxBrowser;
			sourceTree = "<group>";
		};
		1954C673230E45AA00360FC0 /* Manager */ = {
			isa = PBXGroup;
			children = (
				1954C674230E45BD00360FC0 /* Image */,
			);
			path = Manager;
			sourceTree = "<group>";
		};
		1954C674230E45BD00360FC0 /* Image */ = {
			isa = PBXGroup;
			children = (
				1954C675230E45E300360FC0 /* ImageManager.swift */,
			);
			path = Image;
			sourceTree = "<group>";
		};
		1954C677230E723900360FC0 /* AppInfo */ = {
			isa = PBXGroup;
			children = (
				1954C678230E724A00360FC0 /* AppInfoSoldier.swift */,
				1954C67F230E737600360FC0 /* AppInfoManager.swift */,
			);
			path = AppInfo;
			sourceTree = "<group>";
		};
		1954C67A230E72D300360FC0 /* SanboxBrowser */ = {
			isa = PBXGroup;
			children = (
				1949BEF7230D4A5200B43CDB /* JXFileBrowserController.swift */,
				19ABA2A1230FABC100BF07A0 /* JXFilePreviewViewController.swift */,
			);
			path = SanboxBrowser;
			sourceTree = "<group>";
		};
		1954C67B230E730200360FC0 /* Main */ = {
			isa = PBXGroup;
			children = (
				1930F3A7230D244F00610DFB /* CaptainFloatingWindow.swift */,
				1949BEF5230D41AE00B43CDB /* CaptainFloatingViewController.swift */,
				1930F3B0230D349100610DFB /* SoldierListViewController.swift */,
			);
			path = Main;
			sourceTree = "<group>";
		};
		1954C67C230E730C00360FC0 /* AppInfo */ = {
			isa = PBXGroup;
			children = (
				1954C67D230E732800360FC0 /* AppInfoViewController.swift */,
			);
			path = AppInfo;
			sourceTree = "<group>";
		};
		19C1F49F230BEC8C00189B88 = {
			isa = PBXGroup;
			children = (
				19C1F4AB230BEC8C00189B88 /* JXCaptain */,
				1930F3BC230D385F00610DFB /* ResourceBundle */,
				19C1F4AA230BEC8C00189B88 /* Products */,
			);
			sourceTree = "<group>";
		};
		19C1F4AA230BEC8C00189B88 /* Products */ = {
			isa = PBXGroup;
			children = (
				19C1F4A9230BEC8C00189B88 /* JXCaptain.framework */,
			);
			name = Products;
			sourceTree = "<group>";
		};
		19C1F4AB230BEC8C00189B88 /* JXCaptain */ = {
			isa = PBXGroup;
			children = (
				1949BEF0230D39E800B43CDB /* Resource.bundle */,
				19C1F4B4230BEC9500189B88 /* Sources */,
				19C1F4AC230BEC8C00189B88 /* JXCaptain.h */,
				19C1F4AD230BEC8C00189B88 /* Info.plist */,
			);
			path = JXCaptain;
			sourceTree = "<group>";
		};
		19C1F4B4230BEC9500189B88 /* Sources */ = {
			isa = PBXGroup;
			children = (
				19C1F4DC230BEDBD00189B88 /* Captain.swift */,
				1949BEF2230D3F9600B43CDB /* Soldiers */,
				1954C673230E45AA00360FC0 /* Manager */,
				1949BEF3230D3FA700B43CDB /* UI */,
			);
			path = Sources;
			sourceTree = "<group>";
		};
		19C1F4E0230CDE0500189B88 /* Crash */ = {
			isa = PBXGroup;
			children = (
				1949BEFC230E349500B43CDB /* CrashSoldier.swift */,
				19C1F4DE230BF34E00189B88 /* CrashUncaughtExceptionHandler.swift */,
				19C1F4E1230CDF5B00189B88 /* CrashSignalExceptionHandler.swift */,
				1930F3A5230D1C9F00610DFB /* CrashFileManager.swift */,
			);
			path = Crash;
			sourceTree = "<group>";
		};
/* End PBXGroup section */

/* Begin PBXHeadersBuildPhase section */
		19C1F4A4230BEC8C00189B88 /* Headers */ = {
			isa = PBXHeadersBuildPhase;
			buildActionMask = 2147483647;
			files = (
				19C1F4AE230BEC8C00189B88 /* JXCaptain.h in Headers */,
			);
			runOnlyForDeploymentPostprocessing = 0;
		};
/* End PBXHeadersBuildPhase section */

/* Begin PBXNativeTarget section */
		19C1F4A8230BEC8C00189B88 /* JXCaptain */ = {
			isa = PBXNativeTarget;
			buildConfigurationList = 19C1F4B1230BEC8C00189B88 /* Build configuration list for PBXNativeTarget "JXCaptain" */;
			buildPhases = (
				19C1F4A4230BEC8C00189B88 /* Headers */,
				19C1F4A5230BEC8C00189B88 /* Sources */,
				19C1F4A6230BEC8C00189B88 /* Frameworks */,
				19C1F4A7230BEC8C00189B88 /* Resources */,
			);
			buildRules = (
			);
			dependencies = (
			);
			name = JXCaptain;
			productName = JXCaptain;
			productReference = 19C1F4A9230BEC8C00189B88 /* JXCaptain.framework */;
			productType = "com.apple.product-type.framework";
		};
/* End PBXNativeTarget section */

/* Begin PBXProject section */
		19C1F4A0230BEC8C00189B88 /* Project object */ = {
			isa = PBXProject;
			attributes = {
				LastUpgradeCheck = 1020;
				ORGANIZATIONNAME = jiaxin;
				TargetAttributes = {
					19C1F4A8230BEC8C00189B88 = {
						CreatedOnToolsVersion = 10.2.1;
						LastSwiftMigration = 1020;
					};
				};
			};
			buildConfigurationList = 19C1F4A3230BEC8C00189B88 /* Build configuration list for PBXProject "JXCaptain" */;
			compatibilityVersion = "Xcode 9.3";
			developmentRegion = en;
			hasScannedForEncodings = 0;
			knownRegions = (
				en,
			);
			mainGroup = 19C1F49F230BEC8C00189B88;
			productRefGroup = 19C1F4AA230BEC8C00189B88 /* Products */;
			projectDirPath = "";
			projectRoot = "";
			targets = (
				19C1F4A8230BEC8C00189B88 /* JXCaptain */,
			);
		};
/* End PBXProject section */

/* Begin PBXResourcesBuildPhase section */
		19C1F4A7230BEC8C00189B88 /* Resources */ = {
			isa = PBXResourcesBuildPhase;
			buildActionMask = 2147483647;
			files = (
				1949BEF1230D39E800B43CDB /* Resource.bundle in Resources */,
			);
			runOnlyForDeploymentPostprocessing = 0;
		};
/* End PBXResourcesBuildPhase section */

/* Begin PBXSourcesBuildPhase section */
		19C1F4A5230BEC8C00189B88 /* Sources */ = {
			isa = PBXSourcesBuildPhase;
			buildActionMask = 2147483647;
			files = (
				1954C67E230E732800360FC0 /* AppInfoViewController.swift in Sources */,
				1930F3AF230D2B9800610DFB /* SanboxModel.swift in Sources */,
				1949BEFB230D4C1200B43CDB /* SanboxBrowserSoldier.swift in Sources */,
				1954C680230E737600360FC0 /* AppInfoManager.swift in Sources */,
				1954C672230E3EFC00360FC0 /* SoldierListSectionModel.swift in Sources */,
				1949BEFD230E349500B43CDB /* CrashSoldier.swift in Sources */,
				1930F3B1230D349100610DFB /* SoldierListViewController.swift in Sources */,
				1930F3A8230D244F00610DFB /* CaptainFloatingWindow.swift in Sources */,
				1954C676230E45E300360FC0 /* ImageManager.swift in Sources */,
				1949BEF6230D41AE00B43CDB /* CaptainFloatingViewController.swift in Sources */,
				19ABA2A2230FABC100BF07A0 /* JXFilePreviewViewController.swift in Sources */,
				1930F3AA230D25FE00610DFB /* CrashDashboardViewController.swift in Sources */,
				19C1F4DF230BF34E00189B88 /* CrashUncaughtExceptionHandler.swift in Sources */,
				1949BEF8230D4A5200B43CDB /* JXFileBrowserController.swift in Sources */,
				1930F3A6230D1C9F00610DFB /* CrashFileManager.swift in Sources */,
				1930F3AC230D26FB00610DFB /* CrashListViewController.swift in Sources */,
				19C1F4DD230BEDBD00189B88 /* Captain.swift in Sources */,
				1954C679230E724A00360FC0 /* AppInfoSoldier.swift in Sources */,
				19C1F4E2230CDF5B00189B88 /* CrashSignalExceptionHandler.swift in Sources */,
			);
			runOnlyForDeploymentPostprocessing = 0;
		};
/* End PBXSourcesBuildPhase section */

/* Begin XCBuildConfiguration section */
		19C1F4AF230BEC8C00189B88 /* Debug */ = {
			isa = XCBuildConfiguration;
			buildSettings = {
				ALWAYS_SEARCH_USER_PATHS = NO;
				CLANG_ANALYZER_NONNULL = YES;
				CLANG_ANALYZER_NUMBER_OBJECT_CONVERSION = YES_AGGRESSIVE;
				CLANG_CXX_LANGUAGE_STANDARD = "gnu++14";
				CLANG_CXX_LIBRARY = "libc++";
				CLANG_ENABLE_MODULES = YES;
				CLANG_ENABLE_OBJC_ARC = YES;
				CLANG_ENABLE_OBJC_WEAK = YES;
				CLANG_WARN_BLOCK_CAPTURE_AUTORELEASING = YES;
				CLANG_WARN_BOOL_CONVERSION = YES;
				CLANG_WARN_COMMA = YES;
				CLANG_WARN_CONSTANT_CONVERSION = YES;
				CLANG_WARN_DEPRECATED_OBJC_IMPLEMENTATIONS = YES;
				CLANG_WARN_DIRECT_OBJC_ISA_USAGE = YES_ERROR;
				CLANG_WARN_DOCUMENTATION_COMMENTS = YES;
				CLANG_WARN_EMPTY_BODY = YES;
				CLANG_WARN_ENUM_CONVERSION = YES;
				CLANG_WARN_INFINITE_RECURSION = YES;
				CLANG_WARN_INT_CONVERSION = YES;
				CLANG_WARN_NON_LITERAL_NULL_CONVERSION = YES;
				CLANG_WARN_OBJC_IMPLICIT_RETAIN_SELF = YES;
				CLANG_WARN_OBJC_LITERAL_CONVERSION = YES;
				CLANG_WARN_OBJC_ROOT_CLASS = YES_ERROR;
				CLANG_WARN_RANGE_LOOP_ANALYSIS = YES;
				CLANG_WARN_STRICT_PROTOTYPES = YES;
				CLANG_WARN_SUSPICIOUS_MOVE = YES;
				CLANG_WARN_UNGUARDED_AVAILABILITY = YES_AGGRESSIVE;
				CLANG_WARN_UNREACHABLE_CODE = YES;
				CLANG_WARN__DUPLICATE_METHOD_MATCH = YES;
				CODE_SIGN_IDENTITY = "iPhone Developer";
				COPY_PHASE_STRIP = NO;
				CURRENT_PROJECT_VERSION = 1;
				DEBUG_INFORMATION_FORMAT = dwarf;
				ENABLE_STRICT_OBJC_MSGSEND = YES;
				ENABLE_TESTABILITY = YES;
				GCC_C_LANGUAGE_STANDARD = gnu11;
				GCC_DYNAMIC_NO_PIC = NO;
				GCC_NO_COMMON_BLOCKS = YES;
				GCC_OPTIMIZATION_LEVEL = 0;
				GCC_PREPROCESSOR_DEFINITIONS = (
					"DEBUG=1",
					"$(inherited)",
				);
				GCC_WARN_64_TO_32_BIT_CONVERSION = YES;
				GCC_WARN_ABOUT_RETURN_TYPE = YES_ERROR;
				GCC_WARN_UNDECLARED_SELECTOR = YES;
				GCC_WARN_UNINITIALIZED_AUTOS = YES_AGGRESSIVE;
				GCC_WARN_UNUSED_FUNCTION = YES;
				GCC_WARN_UNUSED_VARIABLE = YES;
				IPHONEOS_DEPLOYMENT_TARGET = 12.2;
				MTL_ENABLE_DEBUG_INFO = INCLUDE_SOURCE;
				MTL_FAST_MATH = YES;
				ONLY_ACTIVE_ARCH = YES;
				SDKROOT = iphoneos;
				SWIFT_ACTIVE_COMPILATION_CONDITIONS = DEBUG;
				SWIFT_OPTIMIZATION_LEVEL = "-Onone";
				VERSIONING_SYSTEM = "apple-generic";
				VERSION_INFO_PREFIX = "";
			};
			name = Debug;
		};
		19C1F4B0230BEC8C00189B88 /* Release */ = {
			isa = XCBuildConfiguration;
			buildSettings = {
				ALWAYS_SEARCH_USER_PATHS = NO;
				CLANG_ANALYZER_NONNULL = YES;
				CLANG_ANALYZER_NUMBER_OBJECT_CONVERSION = YES_AGGRESSIVE;
				CLANG_CXX_LANGUAGE_STANDARD = "gnu++14";
				CLANG_CXX_LIBRARY = "libc++";
				CLANG_ENABLE_MODULES = YES;
				CLANG_ENABLE_OBJC_ARC = YES;
				CLANG_ENABLE_OBJC_WEAK = YES;
				CLANG_WARN_BLOCK_CAPTURE_AUTORELEASING = YES;
				CLANG_WARN_BOOL_CONVERSION = YES;
				CLANG_WARN_COMMA = YES;
				CLANG_WARN_CONSTANT_CONVERSION = YES;
				CLANG_WARN_DEPRECATED_OBJC_IMPLEMENTATIONS = YES;
				CLANG_WARN_DIRECT_OBJC_ISA_USAGE = YES_ERROR;
				CLANG_WARN_DOCUMENTATION_COMMENTS = YES;
				CLANG_WARN_EMPTY_BODY = YES;
				CLANG_WARN_ENUM_CONVERSION = YES;
				CLANG_WARN_INFINITE_RECURSION = YES;
				CLANG_WARN_INT_CONVERSION = YES;
				CLANG_WARN_NON_LITERAL_NULL_CONVERSION = YES;
				CLANG_WARN_OBJC_IMPLICIT_RETAIN_SELF = YES;
				CLANG_WARN_OBJC_LITERAL_CONVERSION = YES;
				CLANG_WARN_OBJC_ROOT_CLASS = YES_ERROR;
				CLANG_WARN_RANGE_LOOP_ANALYSIS = YES;
				CLANG_WARN_STRICT_PROTOTYPES = YES;
				CLANG_WARN_SUSPICIOUS_MOVE = YES;
				CLANG_WARN_UNGUARDED_AVAILABILITY = YES_AGGRESSIVE;
				CLANG_WARN_UNREACHABLE_CODE = YES;
				CLANG_WARN__DUPLICATE_METHOD_MATCH = YES;
				CODE_SIGN_IDENTITY = "iPhone Developer";
				COPY_PHASE_STRIP = NO;
				CURRENT_PROJECT_VERSION = 1;
				DEBUG_INFORMATION_FORMAT = "dwarf-with-dsym";
				ENABLE_NS_ASSERTIONS = NO;
				ENABLE_STRICT_OBJC_MSGSEND = YES;
				GCC_C_LANGUAGE_STANDARD = gnu11;
				GCC_NO_COMMON_BLOCKS = YES;
				GCC_WARN_64_TO_32_BIT_CONVERSION = YES;
				GCC_WARN_ABOUT_RETURN_TYPE = YES_ERROR;
				GCC_WARN_UNDECLARED_SELECTOR = YES;
				GCC_WARN_UNINITIALIZED_AUTOS = YES_AGGRESSIVE;
				GCC_WARN_UNUSED_FUNCTION = YES;
				GCC_WARN_UNUSED_VARIABLE = YES;
				IPHONEOS_DEPLOYMENT_TARGET = 12.2;
				MTL_ENABLE_DEBUG_INFO = NO;
				MTL_FAST_MATH = YES;
				SDKROOT = iphoneos;
				SWIFT_COMPILATION_MODE = wholemodule;
				SWIFT_OPTIMIZATION_LEVEL = "-O";
				VALIDATE_PRODUCT = YES;
				VERSIONING_SYSTEM = "apple-generic";
				VERSION_INFO_PREFIX = "";
			};
			name = Release;
		};
		19C1F4B2230BEC8C00189B88 /* Debug */ = {
			isa = XCBuildConfiguration;
			buildSettings = {
				CLANG_ENABLE_MODULES = YES;
				CODE_SIGN_IDENTITY = "";
				CODE_SIGN_STYLE = Automatic;
				DEFINES_MODULE = YES;
				DYLIB_COMPATIBILITY_VERSION = 1;
				DYLIB_CURRENT_VERSION = 1;
				DYLIB_INSTALL_NAME_BASE = "@rpath";
				INFOPLIST_FILE = JXCaptain/Info.plist;
				INSTALL_PATH = "$(LOCAL_LIBRARY_DIR)/Frameworks";
				IPHONEOS_DEPLOYMENT_TARGET = 9.0;
				LD_RUNPATH_SEARCH_PATHS = (
					"$(inherited)",
					"@executable_path/Frameworks",
					"@loader_path/Frameworks",
				);
				PRODUCT_BUNDLE_IDENTIFIER = jiaxin.JXCaptain;
				PRODUCT_NAME = "$(TARGET_NAME:c99extidentifier)";
				SKIP_INSTALL = YES;
				SWIFT_OPTIMIZATION_LEVEL = "-Onone";
				SWIFT_VERSION = 5.0;
				TARGETED_DEVICE_FAMILY = "1,2";
			};
			name = Debug;
		};
		19C1F4B3230BEC8C00189B88 /* Release */ = {
			isa = XCBuildConfiguration;
			buildSettings = {
				CLANG_ENABLE_MODULES = YES;
				CODE_SIGN_IDENTITY = "";
				CODE_SIGN_STYLE = Automatic;
				DEFINES_MODULE = YES;
				DYLIB_COMPATIBILITY_VERSION = 1;
				DYLIB_CURRENT_VERSION = 1;
				DYLIB_INSTALL_NAME_BASE = "@rpath";
				INFOPLIST_FILE = JXCaptain/Info.plist;
				INSTALL_PATH = "$(LOCAL_LIBRARY_DIR)/Frameworks";
				IPHONEOS_DEPLOYMENT_TARGET = 9.0;
				LD_RUNPATH_SEARCH_PATHS = (
					"$(inherited)",
					"@executable_path/Frameworks",
					"@loader_path/Frameworks",
				);
				PRODUCT_BUNDLE_IDENTIFIER = jiaxin.JXCaptain;
				PRODUCT_NAME = "$(TARGET_NAME:c99extidentifier)";
				SKIP_INSTALL = YES;
				SWIFT_VERSION = 5.0;
				TARGETED_DEVICE_FAMILY = "1,2";
			};
			name = Release;
		};
/* End XCBuildConfiguration section */

/* Begin XCConfigurationList section */
		19C1F4A3230BEC8C00189B88 /* Build configuration list for PBXProject "JXCaptain" */ = {
			isa = XCConfigurationList;
			buildConfigurations = (
				19C1F4AF230BEC8C00189B88 /* Debug */,
				19C1F4B0230BEC8C00189B88 /* Release */,
			);
			defaultConfigurationIsVisible = 0;
			defaultConfigurationName = Release;
		};
		19C1F4B1230BEC8C00189B88 /* Build configuration list for PBXNativeTarget "JXCaptain" */ = {
			isa = XCConfigurationList;
			buildConfigurations = (
				19C1F4B2230BEC8C00189B88 /* Debug */,
				19C1F4B3230BEC8C00189B88 /* Release */,
			);
			defaultConfigurationIsVisible = 0;
			defaultConfigurationName = Release;
		};
/* End XCConfigurationList section */
	};
	rootObject = 19C1F4A0230BEC8C00189B88 /* Project object */;
}
